<?xml version="1.0" encoding="utf-8"?>
<Project ToolsVersion="4.0" xmlns="http://schemas.microsoft.com/developer/msbuild/2003">
  <ItemGroup>
    <ClCompile Include="src\ext.cpp" />
    <ClCompile Include="src\main_win_rel.cpp" />
    <ClCompile Include="src\imgui\imgui.cpp">
      <Filter>ImGui</Filter>
    </ClCompile>
    <ClCompile Include="src\imgui\imgui_demo.cpp">
      <Filter>ImGui</Filter>
    </ClCompile>
    <ClCompile Include="src\imgui\imgui_draw.cpp">
      <Filter>ImGui</Filter>
    </ClCompile>
    <ClCompile Include="src\imgui\imgui_impl_opengl3.cpp">
      <Filter>ImGui</Filter>
    </ClCompile>
    <ClCompile Include="src\imgui\imgui_impl_win32.cpp">
      <Filter>ImGui</Filter>
    </ClCompile>
    <ClCompile Include="src\imgui\imgui_tables.cpp">
      <Filter>ImGui</Filter>
    </ClCompile>
    <ClCompile Include="src\imgui\imgui_widgets.cpp">
      <Filter>ImGui</Filter>
    </ClCompile>
    <ClCompile Include="src\main.cpp" />
    <ClCompile Include="src\imgui\imgui_benzene_widgets.cpp">
      <Filter>ImGui</Filter>
    </ClCompile>
    <ClCompile Include="src\intro.cpp" />
    <ClCompile Include="src\generated\release.cpp">
      <Filter>Auto-Generated</Filter>
    </ClCompile>
    <ClCompile Include="src\editor\CameraController.cpp">
      <Filter>Editor</Filter>
    </ClCompile>
    <ClCompile Include="src\editor\CameraKeyframeController.cpp">
      <Filter>Editor</Filter>
    </ClCompile>
    <ClCompile Include="src\editor\config.cpp">
      <Filter>Editor</Filter>
    </ClCompile>
    <ClCompile Include="src\editor\editor_music.cpp">
      <Filter>Editor</Filter>
    </ClCompile>
    <ClCompile Include="src\editor\InputState.cpp">
      <Filter>Editor</Filter>
    </ClCompile>
    <ClCompile Include="src\editor\timeline.cpp">
      <Filter>Editor</Filter>
    </ClCompile>
    <ClCompile Include="src\editor\uniform.cpp">
      <Filter>Editor</Filter>
    </ClCompile>
    <ClCompile Include="src\editor\uniform_editor.cpp">
      <Filter>Editor</Filter>
    </ClCompile>
    <ClCompile Include="src\editor\window_renderer.cpp">
      <Filter>Editor</Filter>
    </ClCompile>
    <ClCompile Include="src\editor\components\debug_window.cpp">
      <Filter>Editor\Components</Filter>
    </ClCompile>
    <ClCompile Include="src\editor\components\keyframe_marker.cpp">
      <Filter>Editor\Components</Filter>
    </ClCompile>
    <ClCompile Include="src\editor\components\save_dialog.cpp">
      <Filter>Editor\Components</Filter>
    </ClCompile>
    <ClCompile Include="src\editor\ActionHistory.cpp">
      <Filter>Editor\Actions</Filter>
    </ClCompile>
    <ClCompile Include="src\editor\actions\AddUniformGroup.cpp">
      <Filter>Editor\Actions</Filter>
    </ClCompile>
    <ClCompile Include="src\editor\actions\ChangeCameraKeyframe.cpp">
      <Filter>Editor\Actions</Filter>
    </ClCompile>
    <ClCompile Include="src\editor\actions\ChangeUniformGroup.cpp">
      <Filter>Editor\Actions</Filter>
    </ClCompile>
    <ClCompile Include="src\editor\actions\ChangeUniformQuantization.cpp">
      <Filter>Editor\Actions</Filter>
    </ClCompile>
    <ClCompile Include="src\editor\actions\ChangeUniformType.cpp">
      <Filter>Editor\Actions</Filter>
    </ClCompile>
    <ClCompile Include="src\editor\actions\ChangeUniformValue.cpp">
      <Filter>Editor\Actions</Filter>
    </ClCompile>
    <ClCompile Include="src\editor\actions\DeleteCameraKeyframe.cpp">
      <Filter>Editor\Actions</Filter>
    </ClCompile>
    <ClCompile Include="src\editor\actions\DeleteKeyframe.cpp">
      <Filter>Editor\Actions</Filter>
    </ClCompile>
    <ClCompile Include="src\editor\actions\DeleteUniform.cpp">
      <Filter>Editor\Actions</Filter>
    </ClCompile>
    <ClCompile Include="src\editor\EditorState.cpp">
      <Filter>Editor</Filter>
    </ClCompile>
    <ClCompile Include="src\editor\actions\SplitKeyframeToDual.cpp">
      <Filter>Editor\Actions</Filter>
    </ClCompile>
    <ClCompile Include="src\editor\actions\RenameUniformGroup.cpp">
      <Filter>Editor\Actions</Filter>
    </ClCompile>
    <ClCompile Include="src\editor\actions\SplitCameraKeyframeToDual.cpp">
      <Filter>Editor\Actions</Filter>
    </ClCompile>
    <ClCompile Include="src\editor\actions\MoveKeyframe.cpp">
      <Filter>Editor\Actions</Filter>
    </ClCompile>
    <ClCompile Include="src\editor\actions\MoveCameraKeyframe.cpp">
      <Filter>Editor\Actions</Filter>
    </ClCompile>
  </ItemGroup>
  <ItemGroup>
    <ClInclude Include="src\ext.h" />
    <ClInclude Include="src\glext.h" />
    <ClInclude Include="src\intro.h" />
    <ClInclude Include="src\imgui\imconfig.h">
      <Filter>ImGui</Filter>
    </ClInclude>
    <ClInclude Include="src\imgui\imgui.h">
      <Filter>ImGui</Filter>
    </ClInclude>
    <ClInclude Include="src\imgui\imgui_impl_opengl3.h">
      <Filter>ImGui</Filter>
    </ClInclude>
    <ClInclude Include="src\imgui\imgui_impl_opengl3_loader.h">
      <Filter>ImGui</Filter>
    </ClInclude>
    <ClInclude Include="src\imgui\imgui_impl_win32.h">
      <Filter>ImGui</Filter>
    </ClInclude>
    <ClInclude Include="src\imgui\imgui_internal.h">
      <Filter>ImGui</Filter>
    </ClInclude>
    <ClInclude Include="src\imgui\imstb_rectpack.h">
      <Filter>ImGui</Filter>
    </ClInclude>
    <ClInclude Include="src\imgui\imstb_textedit.h">
      <Filter>ImGui</Filter>
    </ClInclude>
    <ClInclude Include="src\imgui\imstb_truetype.h">
      <Filter>ImGui</Filter>
    </ClInclude>
    <ClInclude Include="src\imgui\imgui_benzene_widgets.h">
      <Filter>ImGui</Filter>
    </ClInclude>
    <ClInclude Include="src\uniform_data_types.h" />
    <ClInclude Include="src\release.h" />
    <ClInclude Include="src\editor\CameraController.h">
      <Filter>Editor</Filter>
    </ClInclude>
    <ClInclude Include="src\editor\CameraKeyframeController.h">
      <Filter>Editor</Filter>
    </ClInclude>
    <ClInclude Include="src\editor\config.h">
      <Filter>Editor</Filter>
    </ClInclude>
    <ClInclude Include="src\editor\editor_music.h">
      <Filter>Editor</Filter>
    </ClInclude>
    <ClInclude Include="src\editor\InputState.h">
      <Filter>Editor</Filter>
    </ClInclude>
    <ClInclude Include="src\nlohmann\json.hpp">
      <Filter>Editor</Filter>
    </ClInclude>
    <ClInclude Include="src\editor\timeline.h">
      <Filter>Editor</Filter>
    </ClInclude>
    <ClInclude Include="src\editor\uniform.h">
      <Filter>Editor</Filter>
    </ClInclude>
    <ClInclude Include="src\editor\uniform_editor.h">
      <Filter>Editor</Filter>
    </ClInclude>
    <ClInclude Include="src\editor\window_renderer.h">
      <Filter>Editor</Filter>
    </ClInclude>
    <ClInclude Include="src\generated\release_config.h">
      <Filter>Auto-Generated</Filter>
    </ClInclude>
    <ClInclude Include="src\editor\components\debug_window.h">
      <Filter>Editor\Components</Filter>
    </ClInclude>
    <ClInclude Include="src\editor\components\keyframe_marker.h">
      <Filter>Editor\Components</Filter>
    </ClInclude>
    <ClInclude Include="src\editor\components\save_dialog.h">
      <Filter>Editor\Components</Filter>
    </ClInclude>
  </ItemGroup>
  <ItemGroup>
    <Filter Include="ImGui">
      <UniqueIdentifier>{6e4beb84-0a93-46a7-aa00-579c963dcd0b}</UniqueIdentifier>
    </Filter>
    <Filter Include="Auto-Generated">
      <UniqueIdentifier>{d1c3c07c-2d5f-40ef-a1ba-d4564d0e76db}</UniqueIdentifier>
    </Filter>
    <Filter Include="Editor">
      <UniqueIdentifier>{1386af66-f42f-423f-beec-5eb8cb966565}</UniqueIdentifier>
    </Filter>
    <Filter Include="Editor\Components">
      <UniqueIdentifier>{e700f37d-17ac-49d1-9975-e923455411c7}</UniqueIdentifier>
    </Filter>
    <Filter Include="Editor\Actions">
      <UniqueIdentifier>{812f2ba3-41a3-4545-a0f5-809bd4ddea20}</UniqueIdentifier>
    </Filter>
  </ItemGroup>
  <ItemGroup>
    <None Include="src\imgui\imgui.natstepfilter">
      <Filter>ImGui</Filter>
    </None>
    <None Include="src\generated\shader.inl">
      <Filter>Auto-Generated</Filter>
    </None>
  </ItemGroup>
  <ItemGroup>
    <Natvis Include="src\imgui\imgui.natvis">
      <Filter>ImGui</Filter>
    </Natvis>
  </ItemGroup>
</Project>